// !$*UTF8*$!
{
	archiveVersion = 1;
	classes = {
	};
	objectVersion = 55;
	objects = {

/* Begin PBXBuildFile section */
		B705F45A27390CAD00BDB202 /* 7.jpg in Resources */ = {isa = PBXBuildFile; fileRef = B705F45027390CAC00BDB202 /* 7.jpg */; };
		B705F45B27390CAD00BDB202 /* 6.jpg in Resources */ = {isa = PBXBuildFile; fileRef = B705F45127390CAC00BDB202 /* 6.jpg */; };
		B705F45C27390CAD00BDB202 /* 9.jpg in Resources */ = {isa = PBXBuildFile; fileRef = B705F45227390CAC00BDB202 /* 9.jpg */; };
		B705F45D27390CAD00BDB202 /* 8.jpg in Resources */ = {isa = PBXBuildFile; fileRef = B705F45327390CAC00BDB202 /* 8.jpg */; };
		B705F45E27390CAD00BDB202 /* 3.jpg in Resources */ = {isa = PBXBuildFile; fileRef = B705F45427390CAC00BDB202 /* 3.jpg */; };
		B705F45F27390CAD00BDB202 /* 1.jpg in Resources */ = {isa = PBXBuildFile; fileRef = B705F45527390CAC00BDB202 /* 1.jpg */; };
		B705F46027390CAD00BDB202 /* 5.jpg in Resources */ = {isa = PBXBuildFile; fileRef = B705F45627390CAC00BDB202 /* 5.jpg */; };
		B705F46127390CAD00BDB202 /* 4.jpg in Resources */ = {isa = PBXBuildFile; fileRef = B705F45727390CAC00BDB202 /* 4.jpg */; };
		B705F46227390CAD00BDB202 /* 10.jpg in Resources */ = {isa = PBXBuildFile; fileRef = B705F45827390CAD00BDB202 /* 10.jpg */; };
		B705F46327390CAD00BDB202 /* 2.jpg in Resources */ = {isa = PBXBuildFile; fileRef = B705F45927390CAD00BDB202 /* 2.jpg */; };
		B705F46527391AC800BDB202 /* Page3Controller.swift in Sources */ = {isa = PBXBuildFile; fileRef = B705F46427391AC800BDB202 /* Page3Controller.swift */; };
		B73D037E273A082800FE7E3A /* htmlView2.html in Resources */ = {isa = PBXBuildFile; fileRef = B73D037D273A082800FE7E3A /* htmlView2.html */; };
		B7B3C600273215F000BBC10A /* AppDelegate.swift in Sources */ = {isa = PBXBuildFile; fileRef = B7B3C5FF273215F000BBC10A /* AppDelegate.swift */; };
		B7B3C602273215F000BBC10A /* SceneDelegate.swift in Sources */ = {isa = PBXBuildFile; fileRef = B7B3C601273215F000BBC10A /* SceneDelegate.swift */; };
		B7B3C604273215F000BBC10A /* ViewController.swift in Sources */ = {isa = PBXBuildFile; fileRef = B7B3C603273215F000BBC10A /* ViewController.swift */; };
		B7B3C607273215F000BBC10A /* Main.storyboard in Resources */ = {isa = PBXBuildFile; fileRef = B7B3C605273215F000BBC10A /* Main.storyboard */; };
		B7B3C609273215F300BBC10A /* Assets.xcassets in Resources */ = {isa = PBXBuildFile; fileRef = B7B3C608273215F300BBC10A /* Assets.xcassets */; };
		B7B3C60C273215F300BBC10A /* LaunchScreen.storyboard in Resources */ = {isa = PBXBuildFile; fileRef = B7B3C60A273215F300BBC10A /* LaunchScreen.storyboard */; };
		B7B3C61427326A1100BBC10A /* Page2Controller.swift in Sources */ = {isa = PBXBuildFile; fileRef = B7B3C61327326A1100BBC10A /* Page2Controller.swift */; };
/* End PBXBuildFile section */

/* Begin PBXFileReference section */
		B705F45027390CAC00BDB202 /* 7.jpg */ = {isa = PBXFileReference; lastKnownFileType = image.jpeg; name = 7.jpg; path = "../../../이미지-아카이브/7.jpg"; sourceTree = "<group>"; };
		B705F45127390CAC00BDB202 /* 6.jpg */ = {isa = PBXFileReference; lastKnownFileType = image.jpeg; name = 6.jpg; path = "../../../이미지-아카이브/6.jpg"; sourceTree = "<group>"; };
		B705F45227390CAC00BDB202 /* 9.jpg */ = {isa = PBXFileReference; lastKnownFileType = image.jpeg; name = 9.jpg; path = "../../../이미지-아카이브/9.jpg"; sourceTree = "<group>"; };
		B705F45327390CAC00BDB202 /* 8.jpg */ = {isa = PBXFileReference; lastKnownFileType = image.jpeg; name = 8.jpg; path = "../../../이미지-아카이브/8.jpg"; sourceTree = "<group>"; };
		B705F45427390CAC00BDB202 /* 3.jpg */ = {isa = PBXFileReference; lastKnownFileType = image.jpeg; name = 3.jpg; path = "../../../이미지-아카이브/3.jpg"; sourceTree = "<group>"; };
		B705F45527390CAC00BDB202 /* 1.jpg */ = {isa = PBXFileReference; lastKnownFileType = image.jpeg; name = 1.jpg; path = "../../../이미지-아카이브/1.jpg"; sourceTree = "<group>"; };
		B705F45627390CAC00BDB202 /* 5.jpg */ = {isa = PBXFileReference; lastKnownFileType = image.jpeg; name = 5.jpg; path = "../../../이미지-아카이브/5.jpg"; sourceTree = "<group>"; };
		B705F45727390CAC00BDB202 /* 4.jpg */ = {isa = PBXFileReference; lastKnownFileType = image.jpeg; name = 4.jpg; path = "../../../이미지-아카이브/4.jpg"; sourceTree = "<group>"; };
		B705F45827390CAD00BDB202 /* 10.jpg */ = {isa = PBXFileReference; lastKnownFileType = image.jpeg; name = 10.jpg; path = "../../../이미지-아카이브/10.jpg"; sourceTree = "<group>"; };
		B705F45927390CAD00BDB202 /* 2.jpg */ = {isa = PBXFileReference; lastKnownFileType = image.jpeg; name = 2.jpg; path = "../../../이미지-아카이브/2.jpg"; sourceTree = "<group>"; };
		B705F46427391AC800BDB202 /* Page3Controller.swift */ = {isa = PBXFileReference; lastKnownFileType = sourcecode.swift; path = Page3Controller.swift; sourceTree = "<group>"; };
		B73D037D273A082800FE7E3A /* htmlView2.html */ = {isa = PBXFileReference; lastKnownFileType = text.html; path = htmlView2.html; sourceTree = SOURCE_ROOT; };
		B7B3C5FC273215F000BBC10A /* day04.app */ = {isa = PBXFileReference; explicitFileType = wrapper.application; includeInIndex = 0; path = day04.app; sourceTree = BUILT_PRODUCTS_DIR; };
		B7B3C5FF273215F000BBC10A /* AppDelegate.swift */ = {isa = PBXFileReference; lastKnownFileType = sourcecode.swift; path = AppDelegate.swift; sourceTree = "<group>"; };
		B7B3C601273215F000BBC10A /* SceneDelegate.swift */ = {isa = PBXFileReference; lastKnownFileType = sourcecode.swift; path = SceneDelegate.swift; sourceTree = "<group>"; };
		B7B3C603273215F000BBC10A /* ViewController.swift */ = {isa = PBXFileReference; lastKnownFileType = sourcecode.swift; path = ViewController.swift; sourceTree = "<group>"; };
		B7B3C606273215F000BBC10A /* Base */ = {isa = PBXFileReference; lastKnownFileType = file.storyboard; name = Base; path = Base.lproj/Main.storyboard; sourceTree = "<group>"; };
		B7B3C608273215F300BBC10A /* Assets.xcassets */ = {isa = PBXFileReference; lastKnownFileType = folder.assetcatalog; path = Assets.xcassets; sourceTree = "<group>"; };
		B7B3C60B273215F300BBC10A /* Base */ = {isa = PBXFileReference; lastKnownFileType = file.storyboard; name = Base; path = Base.lproj/LaunchScreen.storyboard; sourceTree = "<group>"; };
		B7B3C60D273215F300BBC10A /* Info.plist */ = {isa = PBXFileReference; lastKnownFileType = text.plist.xml; path = Info.plist; sourceTree = "<group>"; };
		B7B3C61327326A1100BBC10A /* Page2Controller.swift */ = {isa = PBXFileReference; lastKnownFileType = sourcecode.swift; path = Page2Controller.swift; sourceTree = "<group>"; };
/* End PBXFileReference section */

/* Begin PBXFrameworksBuildPhase section */
		B7B3C5F9273215F000BBC10A /* Frameworks */ = {
			isa = PBXFrameworksBuildPhase;
			buildActionMask = 2147483647;
			files = (
			);
			runOnlyForDeploymentPostprocessing = 0;
		};
/* End PBXFrameworksBuildPhase section */

/* Begin PBXGroup section */
		B7B3C5F3273215F000BBC10A = {
			isa = PBXGroup;
			children = (
				B7B3C5FE273215F000BBC10A /* day04 */,
				B7B3C5FD273215F000BBC10A /* Products */,
			);
			sourceTree = "<group>";
		};
		B7B3C5FD273215F000BBC10A /* Products */ = {
			isa = PBXGroup;
			children = (
				B7B3C5FC273215F000BBC10A /* day04.app */,
			);
			name = Products;
			sourceTree = "<group>";
		};
		B7B3C5FE273215F000BBC10A /* day04 */ = {
			isa = PBXGroup;
			children = (
				B705F45527390CAC00BDB202 /* 1.jpg */,
				B705F45927390CAD00BDB202 /* 2.jpg */,
				B705F45427390CAC00BDB202 /* 3.jpg */,
				B705F45727390CAC00BDB202 /* 4.jpg */,
				B705F45627390CAC00BDB202 /* 5.jpg */,
				B705F45127390CAC00BDB202 /* 6.jpg */,
				B705F45027390CAC00BDB202 /* 7.jpg */,
				B705F45327390CAC00BDB202 /* 8.jpg */,
				B705F45227390CAC00BDB202 /* 9.jpg */,
				B705F45827390CAD00BDB202 /* 10.jpg */,
				B7B3C5FF273215F000BBC10A /* AppDelegate.swift */,
				B7B3C601273215F000BBC10A /* SceneDelegate.swift */,
				B7B3C603273215F000BBC10A /* ViewController.swift */,
				B7B3C605273215F000BBC10A /* Main.storyboard */,
				B7B3C61327326A1100BBC10A /* Page2Controller.swift */,
				B705F46427391AC800BDB202 /* Page3Controller.swift */,
				B73D037D273A082800FE7E3A /* htmlView2.html */,
				B7B3C608273215F300BBC10A /* Assets.xcassets */,
				B7B3C60A273215F300BBC10A /* LaunchScreen.storyboard */,
				B7B3C60D273215F300BBC10A /* Info.plist */,
			);
			path = day04;
			sourceTree = "<group>";
		};
/* End PBXGroup section */

/* Begin PBXNativeTarget section */
		B7B3C5FB273215F000BBC10A /* day04 */ = {
			isa = PBXNativeTarget;
			buildConfigurationList = B7B3C610273215F300BBC10A /* Build configuration list for PBXNativeTarget "day04" */;
			buildPhases = (
				B7B3C5F8273215F000BBC10A /* Sources */,
				B7B3C5F9273215F000BBC10A /* Frameworks */,
				B7B3C5FA273215F000BBC10A /* Resources */,
			);
			buildRules = (
			);
			dependencies = (
			);
			name = day04;
			productName = day04;
			productReference = B7B3C5FC273215F000BBC10A /* day04.app */;
			productType = "com.apple.product-type.application";
		};
/* End PBXNativeTarget section */

/* Begin PBXProject section */
		B7B3C5F4273215F000BBC10A /* Project object */ = {
			isa = PBXProject;
			attributes = {
				BuildIndependentTargetsInParallel = 1;
				LastSwiftUpdateCheck = 1310;
				LastUpgradeCheck = 1310;
				TargetAttributes = {
					B7B3C5FB273215F000BBC10A = {
						CreatedOnToolsVersion = 13.1;
					};
				};
			};
			buildConfigurationList = B7B3C5F7273215F000BBC10A /* Build configuration list for PBXProject "day04" */;
			compatibilityVersion = "Xcode 13.0";
			developmentRegion = en;
			hasScannedForEncodings = 0;
			knownRegions = (
				en,
				Base,
			);
			mainGroup = B7B3C5F3273215F000BBC10A;
			productRefGroup = B7B3C5FD273215F000BBC10A /* Products */;
			projectDirPath = "";
			projectRoot = "";
			targets = (
				B7B3C5FB273215F000BBC10A /* day04 */,
			);
		};
/* End PBXProject section */

/* Begin PBXResourcesBuildPhase section */
		B7B3C5FA273215F000BBC10A /* Resources */ = {
			isa = PBXResourcesBuildPhase;
			buildActionMask = 2147483647;
			files = (
				B705F46127390CAD00BDB202 /* 4.jpg in Resources */,
				B7B3C60C273215F300BBC10A /* LaunchScreen.storyboard in Resources */,
				B705F46027390CAD00BDB202 /* 5.jpg in Resources */,
				B73D037E273A082800FE7E3A /* htmlView2.html in Resources */,
				B7B3C609273215F300BBC10A /* Assets.xcassets in Resources */,
				B7B3C607273215F000BBC10A /* Main.storyboard in Resources */,
				B705F45C27390CAD00BDB202 /* 9.jpg in Resources */,
				B705F45A27390CAD00BDB202 /* 7.jpg in Resources */,
				B705F45B27390CAD00BDB202 /* 6.jpg in Resources */,
				B705F45F27390CAD00BDB202 /* 1.jpg in Resources */,
				B705F46327390CAD00BDB202 /* 2.jpg in Resources */,
				B705F45D27390CAD00BDB202 /* 8.jpg in Resources */,
				B705F46227390CAD00BDB202 /* 10.jpg in Resources */,
				B705F45E27390CAD00BDB202 /* 3.jpg in Resources */,
			);
			runOnlyForDeploymentPostprocessing = 0;
		};
/* End PBXResourcesBuildPhase section */

/* Begin PBXSourcesBuildPhase section */
		B7B3C5F8273215F000BBC10A /* Sources */ = {
			isa = PBXSourcesBuildPhase;
			buildActionMask = 2147483647;
			files = (
				B7B3C604273215F000BBC10A /* ViewController.swift in Sources */,
				B7B3C600273215F000BBC10A /* AppDelegate.swift in Sources */,
				B7B3C602273215F000BBC10A /* SceneDelegate.swift in Sources */,
				B705F46527391AC800BDB202 /* Page3Controller.swift in Sources */,
				B7B3C61427326A1100BBC10A /* Page2Controller.swift in Sources */,
			);
			runOnlyForDeploymentPostprocessing = 0;
		};
/* End PBXSourcesBuildPhase section */

/* Begin PBXVariantGroup section */
		B7B3C605273215F000BBC10A /* Main.storyboard */ = {
			isa = PBXVariantGroup;
			children = (
				B7B3C606273215F000BBC10A /* Base */,
			);
			name = Main.storyboard;
			sourceTree = "<group>";
		};
		B7B3C60A273215F300BBC10A /* LaunchScreen.storyboard */ = {
			isa = PBXVariantGroup;
			children = (
				B7B3C60B273215F300BBC10A /* Base */,
			);
			name = LaunchScreen.storyboard;
			sourceTree = "<group>";
		};
/* End PBXVariantGroup section */

/* Begin XCBuildConfiguration section */
		B7B3C60E273215F300BBC10A /* Debug */ = {
			isa = XCBuildConfiguration;
			buildSettings = {
				ALWAYS_SEARCH_USER_PATHS = NO;
				CLANG_ANALYZER_NONNULL = YES;
				CLANG_ANALYZER_NUMBER_OBJECT_CONVERSION = YES_AGGRESSIVE;
				CLANG_CXX_LANGUAGE_STANDARD = "gnu++17";
				CLANG_CXX_LIBRARY = "libc++";
				CLANG_ENABLE_MODULES = YES;
				CLANG_ENABLE_OBJC_ARC = YES;
				CLANG_ENABLE_OBJC_WEAK = YES;
				CLANG_WARN_BLOCK_CAPTURE_AUTORELEASING = YES;
				CLANG_WARN_BOOL_CONVERSION = YES;
				CLANG_WARN_COMMA = YES;
				CLANG_WARN_CONSTANT_CONVERSION = YES;
				CLANG_WARN_DEPRECATED_OBJC_IMPLEMENTATIONS = YES;
				CLANG_WARN_DIRECT_OBJC_ISA_USAGE = YES_ERROR;
				CLANG_WARN_DOCUMENTATION_COMMENTS = YES;
				CLANG_WARN_EMPTY_BODY = YES;
				CLANG_WARN_ENUM_CONVERSION = YES;
				CLANG_WARN_INFINITE_RECURSION = YES;
				CLANG_WARN_INT_CONVERSION = YES;
				CLANG_WARN_NON_LITERAL_NULL_CONVERSION = YES;
				CLANG_WARN_OBJC_IMPLICIT_RETAIN_SELF = YES;
				CLANG_WARN_OBJC_LITERAL_CONVERSION = YES;
				CLANG_WARN_OBJC_ROOT_CLASS = YES_ERROR;
				CLANG_WARN_QUOTED_INCLUDE_IN_FRAMEWORK_HEADER = YES;
				CLANG_WARN_RANGE_LOOP_ANALYSIS = YES;
				CLANG_WARN_STRICT_PROTOTYPES = YES;
				CLANG_WARN_SUSPICIOUS_MOVE = YES;
				CLANG_WARN_UNGUARDED_AVAILABILITY = YES_AGGRESSIVE;
				CLANG_WARN_UNREACHABLE_CODE = YES;
				CLANG_WARN__DUPLICATE_METHOD_MATCH = YES;
				COPY_PHASE_STRIP = NO;
				DEBUG_INFORMATION_FORMAT = dwarf;
				ENABLE_STRICT_OBJC_MSGSEND = YES;
				ENABLE_TESTABILITY = YES;
				GCC_C_LANGUAGE_STANDARD = gnu11;
				GCC_DYNAMIC_NO_PIC = NO;
				GCC_NO_COMMON_BLOCKS = YES;
				GCC_OPTIMIZATION_LEVEL = 0;
				GCC_PREPROCESSOR_DEFINITIONS = (
					"DEBUG=1",
					"$(inherited)",
				);
				GCC_WARN_64_TO_32_BIT_CONVERSION = YES;
				GCC_WARN_ABOUT_RETURN_TYPE = YES_ERROR;
				GCC_WARN_UNDECLARED_SELECTOR = YES;
				GCC_WARN_UNINITIALIZED_AUTOS = YES_AGGRESSIVE;
				GCC_WARN_UNUSED_FUNCTION = YES;
				GCC_WARN_UNUSED_VARIABLE = YES;
				IPHONEOS_DEPLOYMENT_TARGET = 15.0;
				MTL_ENABLE_DEBUG_INFO = INCLUDE_SOURCE;
				MTL_FAST_MATH = YES;
				ONLY_ACTIVE_ARCH = YES;
				SDKROOT = iphoneos;
				SWIFT_ACTIVE_COMPILATION_CONDITIONS = DEBUG;
				SWIFT_OPTIMIZATION_LEVEL = "-Onone";
			};
			name = Debug;
		};
		B7B3C60F273215F300BBC10A /* Release */ = {
			isa = XCBuildConfiguration;
			buildSettings = {
				ALWAYS_SEARCH_USER_PATHS = NO;
				CLANG_ANALYZER_NONNULL = YES;
				CLANG_ANALYZER_NUMBER_OBJECT_CONVERSION = YES_AGGRESSIVE;
				CLANG_CXX_LANGUAGE_STANDARD = "gnu++17";
				CLANG_CXX_LIBRARY = "libc++";
				CLANG_ENABLE_MODULES = YES;
				CLANG_ENABLE_OBJC_ARC = YES;
				CLANG_ENABLE_OBJC_WEAK = YES;
				CLANG_WARN_BLOCK_CAPTURE_AUTORELEASING = YES;
				CLANG_WARN_BOOL_CONVERSION = YES;
				CLANG_WARN_COMMA = YES;
				CLANG_WARN_CONSTANT_CONVERSION = YES;
				CLANG_WARN_DEPRECATED_OBJC_IMPLEMENTATIONS = YES;
				CLANG_WARN_DIRECT_OBJC_ISA_USAGE = YES_ERROR;
				CLANG_WARN_DOCUMENTATION_COMMENTS = YES;
				CLANG_WARN_EMPTY_BODY = YES;
				CLANG_WARN_ENUM_CONVERSION = YES;
				CLANG_WARN_INFINITE_RECURSION = YES;
				CLANG_WARN_INT_CONVERSION = YES;
				CLANG_WARN_NON_LITERAL_NULL_CONVERSION = YES;
				CLANG_WARN_OBJC_IMPLICIT_RETAIN_SELF = YES;
				CLANG_WARN_OBJC_LITERAL_CONVERSION = YES;
				CLANG_WARN_OBJC_ROOT_CLASS = YES_ERROR;
				CLANG_WARN_QUOTED_INCLUDE_IN_FRAMEWORK_HEADER = YES;
				CLANG_WARN_RANGE_LOOP_ANALYSIS = YES;
				CLANG_WARN_STRICT_PROTOTYPES = YES;
				CLANG_WARN_SUSPICIOUS_MOVE = YES;
				CLANG_WARN_UNGUARDED_AVAILABILITY = YES_AGGRESSIVE;
				CLANG_WARN_UNREACHABLE_CODE = YES;
				CLANG_WARN__DUPLICATE_METHOD_MATCH = YES;
				COPY_PHASE_STRIP = NO;
				DEBUG_INFORMATION_FORMAT = "dwarf-with-dsym";
				ENABLE_NS_ASSERTIONS = NO;
				ENABLE_STRICT_OBJC_MSGSEND = YES;
				GCC_C_LANGUAGE_STANDARD = gnu11;
				GCC_NO_COMMON_BLOCKS = YES;
				GCC_WARN_64_TO_32_BIT_CONVERSION = YES;
				GCC_WARN_ABOUT_RETURN_TYPE = YES_ERROR;
				GCC_WARN_UNDECLARED_SELECTOR = YES;
				GCC_WARN_UNINITIALIZED_AUTOS = YES_AGGRESSIVE;
				GCC_WARN_UNUSED_FUNCTION = YES;
				GCC_WARN_UNUSED_VARIABLE = YES;
				IPHONEOS_DEPLOYMENT_TARGET = 15.0;
				MTL_ENABLE_DEBUG_INFO = NO;
				MTL_FAST_MATH = YES;
				SDKROOT = iphoneos;
				SWIFT_COMPILATION_MODE = wholemodule;
				SWIFT_OPTIMIZATION_LEVEL = "-O";
				VALIDATE_PRODUCT = YES;
			};
			name = Release;
		};
		B7B3C611273215F300BBC10A /* Debug */ = {
			isa = XCBuildConfiguration;
			buildSettings = {
				ASSETCATALOG_COMPILER_APPICON_NAME = AppIcon;
				ASSETCATALOG_COMPILER_GLOBAL_ACCENT_COLOR_NAME = AccentColor;
				CODE_SIGN_STYLE = Automatic;
				CURRENT_PROJECT_VERSION = 1;
				GENERATE_INFOPLIST_FILE = YES;
				INFOPLIST_FILE = day04/Info.plist;
				INFOPLIST_KEY_UIApplicationSupportsIndirectInputEvents = YES;
				INFOPLIST_KEY_UILaunchStoryboardName = LaunchScreen;
				INFOPLIST_KEY_UIMainStoryboardFile = Main;
				INFOPLIST_KEY_UISupportedInterfaceOrientations_iPad = "UIInterfaceOrientationPortrait UIInterfaceOrientationPortraitUpsideDown UIInterfaceOrientationLandscapeLeft UIInterfaceOrientationLandscapeRight";
				INFOPLIST_KEY_UISupportedInterfaceOrientations_iPhone = "UIInterfaceOrientationPortrait UIInterfaceOrientationLandscapeLeft UIInterfaceOrientationLandscapeRight";
				LD_RUNPATH_SEARCH_PATHS = (
					"$(inherited)",
					"@executable_path/Frameworks",
				);
				MARKETING_VERSION = 1.0;
				PRODUCT_BUNDLE_IDENTIFIER = com.mega.day04;
				PRODUCT_NAME = "$(TARGET_NAME)";
				SWIFT_EMIT_LOC_STRINGS = YES;
				SWIFT_VERSION = 5.0;
				TARGETED_DEVICE_FAMILY = "1,2";
			};
			name = Debug;
		};
		B7B3C612273215F300BBC10A /* Release */ = {
			isa = XCBuildConfiguration;
			buildSettings = {
				ASSETCATALOG_COMPILER_APPICON_NAME = AppIcon;
				ASSETCATALOG_COMPILER_GLOBAL_ACCENT_COLOR_NAME = AccentColor;
				CODE_SIGN_STYLE = Automatic;
				CURRENT_PROJECT_VERSION = 1;
				GENERATE_INFOPLIST_FILE = YES;
				INFOPLIST_FILE = day04/Info.plist;
				INFOPLIST_KEY_UIApplicationSupportsIndirectInputEvents = YES;
				INFOPLIST_KEY_UILaunchStoryboardName = LaunchScreen;
				INFOPLIST_KEY_UIMainStoryboardFile = Main;
				INFOPLIST_KEY_UISupportedInterfaceOrientations_iPad = "UIInterfaceOrientationPortrait UIInterfaceOrientationPortraitUpsideDown UIInterfaceOrientationLandscapeLeft UIInterfaceOrientationLandscapeRight";
				INFOPLIST_KEY_UISupportedInterfaceOrientations_iPhone = "UIInterfaceOrientationPortrait UIInterfaceOrientationLandscapeLeft UIInterfaceOrientationLandscapeRight";
				LD_RUNPATH_SEARCH_PATHS = (
					"$(inherited)",
					"@executable_path/Frameworks",
				);
				MARKETING_VERSION = 1.0;
				PRODUCT_BUNDLE_IDENTIFIER = com.mega.day04;
				PRODUCT_NAME = "$(TARGET_NAME)";
				SWIFT_EMIT_LOC_STRINGS = YES;
				SWIFT_VERSION = 5.0;
				TARGETED_DEVICE_FAMILY = "1,2";
			};
			name = Release;
		};
/* End XCBuildConfiguration section */

/* Begin XCConfigurationList section */
		B7B3C5F7273215F000BBC10A /* Build configuration list for PBXProject "day04" */ = {
			isa = XCConfigurationList;
			buildConfigurations = (
				B7B3C60E273215F300BBC10A /* Debug */,
				B7B3C60F273215F300BBC10A /* Release */,
			);
			defaultConfigurationIsVisible = 0;
			defaultConfigurationName = Release;
		};
		B7B3C610273215F300BBC10A /* Build configuration list for PBXNativeTarget "day04" */ = {
			isa = XCConfigurationList;
			buildConfigurations = (
				B7B3C611273215F300BBC10A /* Debug */,
				B7B3C612273215F300BBC10A /* Release */,
			);
			defaultConfigurationIsVisible = 0;
			defaultConfigurationName = Release;
		};
/* End XCConfigurationList section */
	};
	rootObject = B7B3C5F4273215F000BBC10A /* Project object */;
}
